github.com/golang-jwt/jwt/v4 v4.5.0 h1:7cYmW1XlMY7h7ii7UhUyChSgS5wUJEnm9uZVTGqOWzg=
github.com/golang-jwt/jwt/v4 v4.5.0/go.mod h1:m21LjoU+eqJr34lmDMbreY2eSTRJ1cv77w39/MY0Ch0=
github.com/google/uuid v1.6.0 h1:NIvaJDMOsjHA8n1jAhLSgzrAzy1Hgr+hNrb57e+94F0=
github.com/google/uuid v1.6.0/go.mod h1:TIyPZe4MgqvfeYDBFedMoGGpEw/LqOeaOT+nhxU+yHo=
go.mercari.io/go-emv-code v0.1.5 h1:IbX5WKsigQYtI+Ug1nStXBDRfFlLfKaeHEJTqQ1GCss=
go.mercari.io/go-emv-code v0.1.5/go.mod h1:gahR8nZt9/h1eifS5Puoo/K47xrJp65OCk33w1aWm88=
